
Microsoft Visual Studio Solution File, Format Version 12.00
# Visual Studio Version 16
VisualStudioVersion = 16.0.809.3
MinimumVisualStudioVersion = 10.0.40219.1
Project("{FAE04EC0-301F-11D3-BF4B-00C04F79EFBC}") = "StackExample", "StackExample\StackExample.csproj", "{1A1BCE39-8743-451B-9BD1-C8E941F27520}"
EndProject
Global
	GlobalSection(SolutionConfigurationPlatforms) = preSolution
		Debug|Any CPU = Debug|Any CPU
		Release|Any CPU = Release|Any CPU
	EndGlobalSection
	GlobalSection(ProjectConfigurationPlatforms) = postSolution
		{1A1BCE39-8743-451B-9BD1-C8E941F27520}.Debug|Any CPU.ActiveCfg = Debug|Any CPU
		{1A1BCE39-8743-451B-9BD1-C8E941F27520}.Debug|Any CPU.Build.0 = Debug|Any CPU
		{1A1BCE39-8743-451B-9BD1-C8E941F27520}.Release|Any CPU.ActiveCfg = Release|Any CPU
		{1A1BCE39-8743-451B-9BD1-C8E941F27520}.Release|Any CPU.Build.0 = Release|Any CPU
	EndGlobalSection
	GlobalSection(SolutionProperties) = preSolution
		HideSolutionNode = FALSE
	EndGlobalSection
	GlobalSection(ExtensibilityGlobals) = postSolution
		SolutionGuid = {45A412D4-5B71-44B4-9DBE-F3BC567B9108}
	EndGlobalSection
EndGlobal
