
Microsoft Visual Studio Solution File, Format Version 12.00
# Visual Studio Version 16
VisualStudioVersion = 16.0.31025.194
MinimumVisualStudioVersion = 10.0.40219.1
Project("{FAE04EC0-301F-11D3-BF4B-00C04F79EFBC}") = "Classwork1", "Classwork1\Classwork1.csproj", "{56804B16-141E-4384-97CB-9992B8D0B5B5}"
EndProject
Global
	GlobalSection(SolutionConfigurationPlatforms) = preSolution
		Debug|Any CPU = Debug|Any CPU
		Release|Any CPU = Release|Any CPU
	EndGlobalSection
	GlobalSection(ProjectConfigurationPlatforms) = postSolution
		{56804B16-141E-4384-97CB-9992B8D0B5B5}.Debug|Any CPU.ActiveCfg = Debug|Any CPU
		{56804B16-141E-4384-97CB-9992B8D0B5B5}.Debug|Any CPU.Build.0 = Debug|Any CPU
		{56804B16-141E-4384-97CB-9992B8D0B5B5}.Release|Any CPU.ActiveCfg = Release|Any CPU
		{56804B16-141E-4384-97CB-9992B8D0B5B5}.Release|Any CPU.Build.0 = Release|Any CPU
	EndGlobalSection
	GlobalSection(SolutionProperties) = preSolution
		HideSolutionNode = FALSE
	EndGlobalSection
	GlobalSection(ExtensibilityGlobals) = postSolution
		SolutionGuid = {11B439D1-85F6-428D-A275-4AF9DB222450}
	EndGlobalSection
EndGlobal
