
Microsoft Visual Studio Solution File, Format Version 12.00
# Visual Studio Version 16
VisualStudioVersion = 16.0.31025.194
MinimumVisualStudioVersion = 10.0.40219.1
Project("{FAE04EC0-301F-11D3-BF4B-00C04F79EFBC}") = "task2", "task2\task2.csproj", "{6E36CFBA-2149-49AE-8D40-95F4A8C573E8}"
EndProject
Global
	GlobalSection(SolutionConfigurationPlatforms) = preSolution
		Debug|Any CPU = Debug|Any CPU
		Release|Any CPU = Release|Any CPU
	EndGlobalSection
	GlobalSection(ProjectConfigurationPlatforms) = postSolution
		{6E36CFBA-2149-49AE-8D40-95F4A8C573E8}.Debug|Any CPU.ActiveCfg = Debug|Any CPU
		{6E36CFBA-2149-49AE-8D40-95F4A8C573E8}.Debug|Any CPU.Build.0 = Debug|Any CPU
		{6E36CFBA-2149-49AE-8D40-95F4A8C573E8}.Release|Any CPU.ActiveCfg = Release|Any CPU
		{6E36CFBA-2149-49AE-8D40-95F4A8C573E8}.Release|Any CPU.Build.0 = Release|Any CPU
	EndGlobalSection
	GlobalSection(SolutionProperties) = preSolution
		HideSolutionNode = FALSE
	EndGlobalSection
	GlobalSection(ExtensibilityGlobals) = postSolution
		SolutionGuid = {6ECD7CD6-CA8A-4EBC-A984-49ED1748F1AC}
	EndGlobalSection
EndGlobal
