
Microsoft Visual Studio Solution File, Format Version 12.00
# Visual Studio Version 16
VisualStudioVersion = 16.0.809.3
MinimumVisualStudioVersion = 10.0.40219.1
Project("{FAE04EC0-301F-11D3-BF4B-00C04F79EFBC}") = "SortedListExample", "SortedListExample\SortedListExample.csproj", "{0EE32A41-B323-4A2A-B7DD-577EF946842C}"
EndProject
Global
	GlobalSection(SolutionConfigurationPlatforms) = preSolution
		Debug|Any CPU = Debug|Any CPU
		Release|Any CPU = Release|Any CPU
	EndGlobalSection
	GlobalSection(ProjectConfigurationPlatforms) = postSolution
		{0EE32A41-B323-4A2A-B7DD-577EF946842C}.Debug|Any CPU.ActiveCfg = Debug|Any CPU
		{0EE32A41-B323-4A2A-B7DD-577EF946842C}.Debug|Any CPU.Build.0 = Debug|Any CPU
		{0EE32A41-B323-4A2A-B7DD-577EF946842C}.Release|Any CPU.ActiveCfg = Release|Any CPU
		{0EE32A41-B323-4A2A-B7DD-577EF946842C}.Release|Any CPU.Build.0 = Release|Any CPU
	EndGlobalSection
	GlobalSection(SolutionProperties) = preSolution
		HideSolutionNode = FALSE
	EndGlobalSection
	GlobalSection(ExtensibilityGlobals) = postSolution
		SolutionGuid = {C7E08B25-5156-4017-97E4-AE932876BDBB}
	EndGlobalSection
EndGlobal
